
Microsoft Visual Studio Solution File, Format Version 12.00
# Visual Studio Version 16
VisualStudioVersion = 16.0.29709.97
MinimumVisualStudioVersion = 10.0.40219.1
Project("{8BC9CEB8-8B4A-11D0-8D11-00A0C91BC942}") = "projekt_dudzik_gawlik", "projekt_dudzik_gawlik\projekt_dudzik_gawlik.vcxproj", "{1BBE4156-BE45-46B8-9A27-30A58EC0367F}"
EndProject
Global
	GlobalSection(SolutionConfigurationPlatforms) = preSolution
		Debug|x64 = Debug|x64
		Debug|x86 = Debug|x86
		Release|x64 = Release|x64
		Release|x86 = Release|x86
	EndGlobalSection
	GlobalSection(ProjectConfigurationPlatforms) = postSolution
		{1BBE4156-BE45-46B8-9A27-30A58EC0367F}.Debug|x64.ActiveCfg = Debug|x64
		{1BBE4156-BE45-46B8-9A27-30A58EC0367F}.Debug|x64.Build.0 = Debug|x64
		{1BBE4156-BE45-46B8-9A27-30A58EC0367F}.Debug|x86.ActiveCfg = Debug|Win32
		{1BBE4156-BE45-46B8-9A27-30A58EC0367F}.Debug|x86.Build.0 = Debug|Win32
		{1BBE4156-BE45-46B8-9A27-30A58EC0367F}.Release|x64.ActiveCfg = Release|x64
		{1BBE4156-BE45-46B8-9A27-30A58EC0367F}.Release|x64.Build.0 = Release|x64
		{1BBE4156-BE45-46B8-9A27-30A58EC0367F}.Release|x86.ActiveCfg = Release|Win32
		{1BBE4156-BE45-46B8-9A27-30A58EC0367F}.Release|x86.Build.0 = Release|Win32
	EndGlobalSection
	GlobalSection(SolutionProperties) = preSolution
		HideSolutionNode = FALSE
	EndGlobalSection
	GlobalSection(ExtensibilityGlobals) = postSolution
		SolutionGuid = {69D5C757-7249-4228-9E34-414E4D0C27C5}
	EndGlobalSection
EndGlobal
